
Microsoft Visual Studio Solution File, Format Version 12.00
Project("{FAE04EC0-301F-11D3-BF4B-00C04F79EFBC}") = "QuantInfra.Sdk.Accounting", "QuantInfra.Sdk.Accounting\QuantInfra.Sdk.Accounting.csproj", "{3A7F7E1D-DCBC-40C5-9166-15279DDB02FB}"
EndProject
Project("{FAE04EC0-301F-11D3-BF4B-00C04F79EFBC}") = "QuantInfra.Sdk.Accounts", "QuantInfra.Sdk.Accounts\QuantInfra.Sdk.Accounts.csproj", "{21CFBC60-298F-494E-AA4E-33DB5EA3A6EA}"
EndProject
Project("{FAE04EC0-301F-11D3-BF4B-00C04F79EFBC}") = "QuantInfra.Sdk.MarketData", "QuantInfra.Sdk.MarketData\QuantInfra.Sdk.MarketData.csproj", "{9A0A7AA4-0F6C-4F4D-B801-FC9B3BD7CFDC}"
EndProject
Project("{FAE04EC0-301F-11D3-BF4B-00C04F79EFBC}") = "QuantInfra.Sdk.Trading", "QuantInfra.Sdk.Trading\QuantInfra.Sdk.Trading.csproj", "{A53F0DBB-2F79-481C-A70B-5C69EDCB21E6}"
EndProject
Project("{FAE04EC0-301F-11D3-BF4B-00C04F79EFBC}") = "QuantInfra.Sdk.Utils.IsExternalInit", "QuantInfra.Sdk.Utils.IsExternalInit\QuantInfra.Sdk.Utils.IsExternalInit.csproj", "{645A50F6-9CC9-4F47-8C23-673537A7C944}"
EndProject
Project("{FAE04EC0-301F-11D3-BF4B-00C04F79EFBC}") = "QuantInfra.Sdk.StaticData", "QuantInfra.Sdk.StaticData\QuantInfra.Sdk.StaticData.csproj", "{F2B939C9-F44A-4426-A436-29B59035B67C}"
EndProject
Project("{FAE04EC0-301F-11D3-BF4B-00C04F79EFBC}") = "QuantInfra.Sdk.Utils", "QuantInfra.Sdk.Utils\QuantInfra.Sdk.Utils.csproj", "{E345F906-329C-4BC8-BC4F-65921D43DAA0}"
EndProject
Project("{FAE04EC0-301F-11D3-BF4B-00C04F79EFBC}") = "QuantInfra.Sdk.Strategies", "QuantInfra.Sdk.Strategies\QuantInfra.Sdk.Strategies.csproj", "{DC7AC436-63EB-46B5-80DE-CCC21F99CE9E}"
EndProject
Project("{FAE04EC0-301F-11D3-BF4B-00C04F79EFBC}") = "QuantInfra.Sdk.Package", "QuantInfra.Sdk.Package\QuantInfra.Sdk.Package.csproj", "{11AD651B-CB44-4F20-B0F3-407DCEE9B7D5}"
EndProject
Project("{FAE04EC0-301F-11D3-BF4B-00C04F79EFBC}") = "QuantInfra.Sdk.Trading.Infrastructure", "QuantInfra.Sdk.Trading.Infrastructure\QuantInfra.Sdk.Trading.Infrastructure.csproj", "{3884DA75-04DD-43DF-A0D5-74507EF6D7A3}"
EndProject
Global
	GlobalSection(SolutionConfigurationPlatforms) = preSolution
		Debug|Any CPU = Debug|Any CPU
		Release|Any CPU = Release|Any CPU
	EndGlobalSection
	GlobalSection(ProjectConfigurationPlatforms) = postSolution
		{3A7F7E1D-DCBC-40C5-9166-15279DDB02FB}.Debug|Any CPU.ActiveCfg = Debug|Any CPU
		{3A7F7E1D-DCBC-40C5-9166-15279DDB02FB}.Debug|Any CPU.Build.0 = Debug|Any CPU
		{3A7F7E1D-DCBC-40C5-9166-15279DDB02FB}.Release|Any CPU.ActiveCfg = Release|Any CPU
		{3A7F7E1D-DCBC-40C5-9166-15279DDB02FB}.Release|Any CPU.Build.0 = Release|Any CPU
		{21CFBC60-298F-494E-AA4E-33DB5EA3A6EA}.Debug|Any CPU.ActiveCfg = Debug|Any CPU
		{21CFBC60-298F-494E-AA4E-33DB5EA3A6EA}.Debug|Any CPU.Build.0 = Debug|Any CPU
		{21CFBC60-298F-494E-AA4E-33DB5EA3A6EA}.Release|Any CPU.ActiveCfg = Release|Any CPU
		{21CFBC60-298F-494E-AA4E-33DB5EA3A6EA}.Release|Any CPU.Build.0 = Release|Any CPU
		{9A0A7AA4-0F6C-4F4D-B801-FC9B3BD7CFDC}.Debug|Any CPU.ActiveCfg = Debug|Any CPU
		{9A0A7AA4-0F6C-4F4D-B801-FC9B3BD7CFDC}.Debug|Any CPU.Build.0 = Debug|Any CPU
		{9A0A7AA4-0F6C-4F4D-B801-FC9B3BD7CFDC}.Release|Any CPU.ActiveCfg = Release|Any CPU
		{9A0A7AA4-0F6C-4F4D-B801-FC9B3BD7CFDC}.Release|Any CPU.Build.0 = Release|Any CPU
		{A53F0DBB-2F79-481C-A70B-5C69EDCB21E6}.Debug|Any CPU.ActiveCfg = Debug|Any CPU
		{A53F0DBB-2F79-481C-A70B-5C69EDCB21E6}.Debug|Any CPU.Build.0 = Debug|Any CPU
		{A53F0DBB-2F79-481C-A70B-5C69EDCB21E6}.Release|Any CPU.ActiveCfg = Release|Any CPU
		{A53F0DBB-2F79-481C-A70B-5C69EDCB21E6}.Release|Any CPU.Build.0 = Release|Any CPU
		{645A50F6-9CC9-4F47-8C23-673537A7C944}.Debug|Any CPU.ActiveCfg = Debug|Any CPU
		{645A50F6-9CC9-4F47-8C23-673537A7C944}.Debug|Any CPU.Build.0 = Debug|Any CPU
		{645A50F6-9CC9-4F47-8C23-673537A7C944}.Release|Any CPU.ActiveCfg = Release|Any CPU
		{645A50F6-9CC9-4F47-8C23-673537A7C944}.Release|Any CPU.Build.0 = Release|Any CPU
		{F2B939C9-F44A-4426-A436-29B59035B67C}.Debug|Any CPU.ActiveCfg = Debug|Any CPU
		{F2B939C9-F44A-4426-A436-29B59035B67C}.Debug|Any CPU.Build.0 = Debug|Any CPU
		{F2B939C9-F44A-4426-A436-29B59035B67C}.Release|Any CPU.ActiveCfg = Release|Any CPU
		{F2B939C9-F44A-4426-A436-29B59035B67C}.Release|Any CPU.Build.0 = Release|Any CPU
		{E345F906-329C-4BC8-BC4F-65921D43DAA0}.Debug|Any CPU.ActiveCfg = Debug|Any CPU
		{E345F906-329C-4BC8-BC4F-65921D43DAA0}.Debug|Any CPU.Build.0 = Debug|Any CPU
		{E345F906-329C-4BC8-BC4F-65921D43DAA0}.Release|Any CPU.ActiveCfg = Release|Any CPU
		{E345F906-329C-4BC8-BC4F-65921D43DAA0}.Release|Any CPU.Build.0 = Release|Any CPU
		{DC7AC436-63EB-46B5-80DE-CCC21F99CE9E}.Debug|Any CPU.ActiveCfg = Debug|Any CPU
		{DC7AC436-63EB-46B5-80DE-CCC21F99CE9E}.Debug|Any CPU.Build.0 = Debug|Any CPU
		{DC7AC436-63EB-46B5-80DE-CCC21F99CE9E}.Release|Any CPU.ActiveCfg = Release|Any CPU
		{DC7AC436-63EB-46B5-80DE-CCC21F99CE9E}.Release|Any CPU.Build.0 = Release|Any CPU
		{11AD651B-CB44-4F20-B0F3-407DCEE9B7D5}.Debug|Any CPU.ActiveCfg = Debug|Any CPU
		{11AD651B-CB44-4F20-B0F3-407DCEE9B7D5}.Debug|Any CPU.Build.0 = Debug|Any CPU
		{11AD651B-CB44-4F20-B0F3-407DCEE9B7D5}.Release|Any CPU.ActiveCfg = Release|Any CPU
		{11AD651B-CB44-4F20-B0F3-407DCEE9B7D5}.Release|Any CPU.Build.0 = Release|Any CPU
		{3884DA75-04DD-43DF-A0D5-74507EF6D7A3}.Debug|Any CPU.ActiveCfg = Debug|Any CPU
		{3884DA75-04DD-43DF-A0D5-74507EF6D7A3}.Debug|Any CPU.Build.0 = Debug|Any CPU
		{3884DA75-04DD-43DF-A0D5-74507EF6D7A3}.Release|Any CPU.ActiveCfg = Release|Any CPU
		{3884DA75-04DD-43DF-A0D5-74507EF6D7A3}.Release|Any CPU.Build.0 = Release|Any CPU
	EndGlobalSection
EndGlobal
